
Microsoft Visual Studio Solution File, Format Version 12.00
# Visual Studio Version 16
VisualStudioVersion = 16.0.30523.141
MinimumVisualStudioVersion = 10.0.40219.1
Project("{FAE04EC0-301F-11D3-BF4B-00C04F79EFBC}") = "Northwind", "Northwind.csproj", "{97BB270F-59A5-4FA8-91B7-EC7A677C1F97}"
EndProject
Global
	GlobalSection(SolutionConfigurationPlatforms) = preSolution
		Debug|Any CPU = Debug|Any CPU
		Release|Any CPU = Release|Any CPU
	EndGlobalSection
	GlobalSection(ProjectConfigurationPlatforms) = postSolution
		{97BB270F-59A5-4FA8-91B7-EC7A677C1F97}.Debug|Any CPU.ActiveCfg = Debug|Any CPU
		{97BB270F-59A5-4FA8-91B7-EC7A677C1F97}.Debug|Any CPU.Build.0 = Debug|Any CPU
		{97BB270F-59A5-4FA8-91B7-EC7A677C1F97}.Release|Any CPU.ActiveCfg = Release|Any CPU
		{97BB270F-59A5-4FA8-91B7-EC7A677C1F97}.Release|Any CPU.Build.0 = Release|Any CPU
	EndGlobalSection
	GlobalSection(SolutionProperties) = preSolution
		HideSolutionNode = FALSE
	EndGlobalSection
	GlobalSection(ExtensibilityGlobals) = postSolution
		SolutionGuid = {0014A287-C04D-449E-90E0-73945F316561}
	EndGlobalSection
EndGlobal
